
Microsoft Visual Studio Solution File, Format Version 12.00
# Visual Studio Version 17
VisualStudioVersion = 17.11.35303.130
MinimumVisualStudioVersion = 10.0.40219.1
Project("{FAE04EC0-301F-11D3-BF4B-00C04F79EFBC}") = "PruebaTESI", "PruebaTESI\PruebaTESI.csproj", "{C61EA8AB-28CE-4D10-AC2C-918B33BDDC17}"
EndProject
Project("{FAE04EC0-301F-11D3-BF4B-00C04F79EFBC}") = "PruebaTESI.Entities", "PruebaTESI.Entities\PruebaTESI.Entities.csproj", "{FBF30B94-03A0-4568-9283-7E14B233F07B}"
EndProject
Global
	GlobalSection(SolutionConfigurationPlatforms) = preSolution
		Debug|Any CPU = Debug|Any CPU
		Release|Any CPU = Release|Any CPU
	EndGlobalSection
	GlobalSection(ProjectConfigurationPlatforms) = postSolution
		{C61EA8AB-28CE-4D10-AC2C-918B33BDDC17}.Debug|Any CPU.ActiveCfg = Debug|Any CPU
		{C61EA8AB-28CE-4D10-AC2C-918B33BDDC17}.Debug|Any CPU.Build.0 = Debug|Any CPU
		{C61EA8AB-28CE-4D10-AC2C-918B33BDDC17}.Release|Any CPU.ActiveCfg = Release|Any CPU
		{C61EA8AB-28CE-4D10-AC2C-918B33BDDC17}.Release|Any CPU.Build.0 = Release|Any CPU
		{FBF30B94-03A0-4568-9283-7E14B233F07B}.Debug|Any CPU.ActiveCfg = Debug|Any CPU
		{FBF30B94-03A0-4568-9283-7E14B233F07B}.Debug|Any CPU.Build.0 = Debug|Any CPU
		{FBF30B94-03A0-4568-9283-7E14B233F07B}.Release|Any CPU.ActiveCfg = Release|Any CPU
		{FBF30B94-03A0-4568-9283-7E14B233F07B}.Release|Any CPU.Build.0 = Release|Any CPU
	EndGlobalSection
	GlobalSection(SolutionProperties) = preSolution
		HideSolutionNode = FALSE
	EndGlobalSection
	GlobalSection(ExtensibilityGlobals) = postSolution
		SolutionGuid = {D58CE314-B845-4BCF-83A6-6B01F2EE4F02}
	EndGlobalSection
EndGlobal
